
Microsoft Visual Studio Solution File, Format Version 12.00
# Visual Studio Version 17
VisualStudioVersion = 17.0.31903.59
MinimumVisualStudioVersion = 10.0.40219.1
Project("{9A19103F-16F7-4668-BE54-9A1E7A4F7556}") = "Tests", "Tests\SchoolRegister.Tests\Tests.csproj", "{37F6E13D-DF5A-4F63-A4A5-C65339A5AE8A}"
EndProject
Project("{9A19103F-16F7-4668-BE54-9A1E7A4F7556}") = "Data", "Data\Data.csproj", "{9E856129-C4C2-4D77-8E51-D223BB168E80}"
EndProject
Project("{9A19103F-16F7-4668-BE54-9A1E7A4F7556}") = "SchoolRegister", "Web\SchoolRegister.csproj", "{B96CFF7C-DA0D-48A8-A3A7-93C609BFCF8B}"
EndProject
Project("{FAE04EC0-301F-11D3-BF4B-00C04F79EFBC}") = "Services", "Services\Services.csproj", "{A9EA37DB-F4A1-41A6-A2BA-0F3D2C34D49B}"
EndProject
Global
	GlobalSection(SolutionConfigurationPlatforms) = preSolution
		Debug|Any CPU = Debug|Any CPU
		Release|Any CPU = Release|Any CPU
	EndGlobalSection
	GlobalSection(ProjectConfigurationPlatforms) = postSolution
		{37F6E13D-DF5A-4F63-A4A5-C65339A5AE8A}.Debug|Any CPU.ActiveCfg = Debug|Any CPU
		{37F6E13D-DF5A-4F63-A4A5-C65339A5AE8A}.Debug|Any CPU.Build.0 = Debug|Any CPU
		{37F6E13D-DF5A-4F63-A4A5-C65339A5AE8A}.Release|Any CPU.ActiveCfg = Release|Any CPU
		{37F6E13D-DF5A-4F63-A4A5-C65339A5AE8A}.Release|Any CPU.Build.0 = Release|Any CPU
		{9E856129-C4C2-4D77-8E51-D223BB168E80}.Debug|Any CPU.ActiveCfg = Debug|Any CPU
		{9E856129-C4C2-4D77-8E51-D223BB168E80}.Debug|Any CPU.Build.0 = Debug|Any CPU
		{9E856129-C4C2-4D77-8E51-D223BB168E80}.Release|Any CPU.ActiveCfg = Release|Any CPU
		{9E856129-C4C2-4D77-8E51-D223BB168E80}.Release|Any CPU.Build.0 = Release|Any CPU
		{B96CFF7C-DA0D-48A8-A3A7-93C609BFCF8B}.Debug|Any CPU.ActiveCfg = Debug|Any CPU
		{B96CFF7C-DA0D-48A8-A3A7-93C609BFCF8B}.Debug|Any CPU.Build.0 = Debug|Any CPU
		{B96CFF7C-DA0D-48A8-A3A7-93C609BFCF8B}.Release|Any CPU.ActiveCfg = Release|Any CPU
		{B96CFF7C-DA0D-48A8-A3A7-93C609BFCF8B}.Release|Any CPU.Build.0 = Release|Any CPU
		{A9EA37DB-F4A1-41A6-A2BA-0F3D2C34D49B}.Debug|Any CPU.ActiveCfg = Debug|Any CPU
		{A9EA37DB-F4A1-41A6-A2BA-0F3D2C34D49B}.Debug|Any CPU.Build.0 = Debug|Any CPU
		{A9EA37DB-F4A1-41A6-A2BA-0F3D2C34D49B}.Release|Any CPU.ActiveCfg = Release|Any CPU
		{A9EA37DB-F4A1-41A6-A2BA-0F3D2C34D49B}.Release|Any CPU.Build.0 = Release|Any CPU
	EndGlobalSection
	GlobalSection(SolutionProperties) = preSolution
		HideSolutionNode = FALSE
	EndGlobalSection
	GlobalSection(ExtensibilityGlobals) = postSolution
		SolutionGuid = {F697EB5B-C3DF-4548-B758-2A4C4672977C}
	EndGlobalSection
EndGlobal
