
Microsoft Visual Studio Solution File, Format Version 12.00
# Visual Studio Version 17
VisualStudioVersion = 17.0.31903.59
MinimumVisualStudioVersion = 10.0.40219.1
Project("{2150E333-8FDC-42A3-9474-1A3956D46DE8}") = "Web", "Web", "{5CCB5D55-E022-4C38-9B25-FAB70CCA7AE8}"
EndProject
Project("{2150E333-8FDC-42A3-9474-1A3956D46DE8}") = "Tests", "Tests", "{42CE4547-73CB-4449-91D1-0F4C6676E3EA}"
EndProject
Project("{9A19103F-16F7-4668-BE54-9A1E7A4F7556}") = "SchoolRegister.Tests", "Tests\SchoolRegister.Tests\SchoolRegister.Tests.csproj", "{37F6E13D-DF5A-4F63-A4A5-C65339A5AE8A}"
EndProject
Project("{9A19103F-16F7-4668-BE54-9A1E7A4F7556}") = "SchoolRegister", "Web\SchoolRegister.csproj", "{3FD353CD-590D-4264-85A7-EAF929BD0FF2}"
EndProject
Global
	GlobalSection(SolutionConfigurationPlatforms) = preSolution
		Debug|Any CPU = Debug|Any CPU
		Release|Any CPU = Release|Any CPU
	EndGlobalSection
	GlobalSection(ProjectConfigurationPlatforms) = postSolution
		{37F6E13D-DF5A-4F63-A4A5-C65339A5AE8A}.Debug|Any CPU.ActiveCfg = Debug|Any CPU
		{37F6E13D-DF5A-4F63-A4A5-C65339A5AE8A}.Debug|Any CPU.Build.0 = Debug|Any CPU
		{37F6E13D-DF5A-4F63-A4A5-C65339A5AE8A}.Release|Any CPU.ActiveCfg = Release|Any CPU
		{37F6E13D-DF5A-4F63-A4A5-C65339A5AE8A}.Release|Any CPU.Build.0 = Release|Any CPU
		{3FD353CD-590D-4264-85A7-EAF929BD0FF2}.Debug|Any CPU.ActiveCfg = Debug|Any CPU
		{3FD353CD-590D-4264-85A7-EAF929BD0FF2}.Debug|Any CPU.Build.0 = Debug|Any CPU
		{3FD353CD-590D-4264-85A7-EAF929BD0FF2}.Release|Any CPU.ActiveCfg = Release|Any CPU
		{3FD353CD-590D-4264-85A7-EAF929BD0FF2}.Release|Any CPU.Build.0 = Release|Any CPU
	EndGlobalSection
	GlobalSection(SolutionProperties) = preSolution
		HideSolutionNode = FALSE
	EndGlobalSection
	GlobalSection(NestedProjects) = preSolution
		{37F6E13D-DF5A-4F63-A4A5-C65339A5AE8A} = {42CE4547-73CB-4449-91D1-0F4C6676E3EA}
		{3FD353CD-590D-4264-85A7-EAF929BD0FF2} = {5CCB5D55-E022-4C38-9B25-FAB70CCA7AE8}
	EndGlobalSection
	GlobalSection(ExtensibilityGlobals) = postSolution
		SolutionGuid = {F697EB5B-C3DF-4548-B758-2A4C4672977C}
	EndGlobalSection
EndGlobal
